<?xml version="1.0" encoding="utf-8"?>
<Project ToolsVersion="4.0" xmlns="http://schemas.microsoft.com/developer/msbuild/2003">
  <ItemGroup>
    <ClCompile Include="main.cpp" />
    <ClCompile Include="script.cpp" />
    <ClCompile Include="Menu.cpp">
      <Filter>Menu</Filter>
    </ClCompile>
    <ClCompile Include="keyboard.cpp">
      <Filter>Menu</Filter>
    </ClCompile>
    <ClCompile Include="Game.cpp">
      <Filter>Scripting</Filter>
    </ClCompile>
    <ClCompile Include="memory\scanner.cpp">
      <Filter>memory</Filter>
    </ClCompile>
  </ItemGroup>
  <ItemGroup>
    <ClInclude Include="..\..\inc\types.h">
      <Filter>include</Filter>
    </ClInclude>
    <ClInclude Include="..\..\inc\enums.h">
      <Filter>include</Filter>
    </ClInclude>
    <ClInclude Include="..\..\inc\natives.h">
      <Filter>include</Filter>
    </ClInclude>
    <ClInclude Include="keyboard.h">
      <Filter>include</Filter>
    </ClInclude>
    <ClInclude Include="script.h" />
    <ClInclude Include="Menu.h">
      <Filter>Menu</Filter>
    </ClInclude>
    <ClInclude Include="Game.h">
      <Filter>Scripting</Filter>
    </ClInclude>
    <ClInclude Include="memory\scanner.hpp">
      <Filter>memory</Filter>
    </ClInclude>
    <ClInclude Include="rdr\rage\scrThread.hpp">
      <Filter>rdr\rage</Filter>
    </ClInclude>
    <ClInclude Include="rdr\rage\atArray.hpp">
      <Filter>rdr\rage</Filter>
    </ClInclude>
  </ItemGroup>
  <ItemGroup>
    <Filter Include="include">
      <UniqueIdentifier>{fe82bd4a-2d14-486a-8be5-8bf6b50a2414}</UniqueIdentifier>
    </Filter>
    <Filter Include="Menu">
      <UniqueIdentifier>{d72ce9b6-6c6c-4235-8720-e80593560632}</UniqueIdentifier>
    </Filter>
    <Filter Include="Scripting">
      <UniqueIdentifier>{f8f107f5-a840-44d3-852c-f512b6e995ad}</UniqueIdentifier>
    </Filter>
    <Filter Include="memory">
      <UniqueIdentifier>{609908a7-ec3e-48fe-8565-71bb12137f6b}</UniqueIdentifier>
    </Filter>
    <Filter Include="rdr">
      <UniqueIdentifier>{61a9910a-0b16-4c84-be03-f65054897930}</UniqueIdentifier>
    </Filter>
    <Filter Include="rdr\rage">
      <UniqueIdentifier>{203aed4b-b2a5-45ee-a1ef-82d15861c188}</UniqueIdentifier>
    </Filter>
  </ItemGroup>
</Project>